
Microsoft Visual Studio Solution File, Format Version 12.00
# Visual Studio Version 17
VisualStudioVersion = 17.4.33205.214
MinimumVisualStudioVersion = 10.0.40219.1
Project("{FAE04EC0-301F-11D3-BF4B-00C04F79EFBC}") = "LibraryGenerator", "LibraryGenerator\LibraryGenerator.csproj", "{DBAB66F7-C303-42B9-8053-99FDADFA2B9B}"
EndProject
Global
	GlobalSection(SolutionConfigurationPlatforms) = preSolution
		Debug|Any CPU = Debug|Any CPU
		Release|Any CPU = Release|Any CPU
	EndGlobalSection
	GlobalSection(ProjectConfigurationPlatforms) = postSolution
		{DBAB66F7-C303-42B9-8053-99FDADFA2B9B}.Debug|Any CPU.ActiveCfg = Debug|Any CPU
		{DBAB66F7-C303-42B9-8053-99FDADFA2B9B}.Debug|Any CPU.Build.0 = Debug|Any CPU
		{DBAB66F7-C303-42B9-8053-99FDADFA2B9B}.Release|Any CPU.ActiveCfg = Release|Any CPU
		{DBAB66F7-C303-42B9-8053-99FDADFA2B9B}.Release|Any CPU.Build.0 = Release|Any CPU
	EndGlobalSection
	GlobalSection(SolutionProperties) = preSolution
		HideSolutionNode = FALSE
	EndGlobalSection
	GlobalSection(ExtensibilityGlobals) = postSolution
		SolutionGuid = {BC894749-18F5-4E2A-84CA-96B32903A86A}
	EndGlobalSection
EndGlobal
